// !$*UTF8*$!
{
	archiveVersion = 1;
	classes = {
	};
	objectVersion = 46;
	objects = {

/* Begin PBXBuildFile section */
		F645B36C16E7387800798BE2 /* UIKit.framework in Frameworks */ = {isa = PBXBuildFile; fileRef = F645B36B16E7387800798BE2 /* UIKit.framework */; };
		F645B36E16E7387800798BE2 /* Foundation.framework in Frameworks */ = {isa = PBXBuildFile; fileRef = F645B36D16E7387800798BE2 /* Foundation.framework */; };
		F645B37016E7387800798BE2 /* CoreGraphics.framework in Frameworks */ = {isa = PBXBuildFile; fileRef = F645B36F16E7387800798BE2 /* CoreGraphics.framework */; };
		F645B37616E7387800798BE2 /* InfoPlist.strings in Resources */ = {isa = PBXBuildFile; fileRef = F645B37416E7387800798BE2 /* InfoPlist.strings */; };
		F645B37816E7387800798BE2 /* main.m in Sources */ = {isa = PBXBuildFile; fileRef = F645B37716E7387800798BE2 /* main.m */; };
		F645B37C16E7387800798BE2 /* SKAppDelegate.m in Sources */ = {isa = PBXBuildFile; fileRef = F645B37B16E7387800798BE2 /* SKAppDelegate.m */; };
		F645B37E16E7387800798BE2 /* Default.png in Resources */ = {isa = PBXBuildFile; fileRef = F645B37D16E7387800798BE2 /* Default.png */; };
		F645B38016E7387800798BE2 /* Default@2x.png in Resources */ = {isa = PBXBuildFile; fileRef = F645B37F16E7387800798BE2 /* Default@2x.png */; };
		F645B38216E7387800798BE2 /* Default-568h@2x.png in Resources */ = {isa = PBXBuildFile; fileRef = F645B38116E7387800798BE2 /* Default-568h@2x.png */; };
		F645B38516E7387800798BE2 /* SKGuideViewController.m in Sources */ = {isa = PBXBuildFile; fileRef = F645B38416E7387800798BE2 /* SKGuideViewController.m */; };
		F645B38716E7387800798BE2 /* first.png in Resources */ = {isa = PBXBuildFile; fileRef = F645B38616E7387800798BE2 /* first.png */; };
		F645B38916E7387800798BE2 /* first@2x.png in Resources */ = {isa = PBXBuildFile; fileRef = F645B38816E7387800798BE2 /* first@2x.png */; };
		F645B38C16E7387800798BE2 /* SKWebViewController.m in Sources */ = {isa = PBXBuildFile; fileRef = F645B38B16E7387800798BE2 /* SKWebViewController.m */; };
		F645B38E16E7387800798BE2 /* second.png in Resources */ = {isa = PBXBuildFile; fileRef = F645B38D16E7387800798BE2 /* second.png */; };
		F645B39016E7387800798BE2 /* second@2x.png in Resources */ = {isa = PBXBuildFile; fileRef = F645B38F16E7387800798BE2 /* second@2x.png */; };
		F645B39316E7387800798BE2 /* SKGuideViewController_iPhone.xib in Resources */ = {isa = PBXBuildFile; fileRef = F645B39116E7387800798BE2 /* SKGuideViewController_iPhone.xib */; };
		F645B39616E7387800798BE2 /* SKGuideViewController_iPad.xib in Resources */ = {isa = PBXBuildFile; fileRef = F645B39416E7387800798BE2 /* SKGuideViewController_iPad.xib */; };
		F645B39916E7387800798BE2 /* SKWebViewController_iPhone.xib in Resources */ = {isa = PBXBuildFile; fileRef = F645B39716E7387800798BE2 /* SKWebViewController_iPhone.xib */; };
		F645B39C16E7387800798BE2 /* SKWebViewController_iPad.xib in Resources */ = {isa = PBXBuildFile; fileRef = F645B39A16E7387800798BE2 /* SKWebViewController_iPad.xib */; };
		F6E7A1FD16E7421300ED1893 /* SKNativeViewController.m in Sources */ = {isa = PBXBuildFile; fileRef = F6E7A1FB16E7421300ED1893 /* SKNativeViewController.m */; };
		F6E7A20216E7426300ED1893 /* SKListViewController.m in Sources */ = {isa = PBXBuildFile; fileRef = F6E7A20016E7426300ED1893 /* SKListViewController.m */; };
		F6E7A20716E7427F00ED1893 /* SKAboutViewController.m in Sources */ = {isa = PBXBuildFile; fileRef = F6E7A20516E7427F00ED1893 /* SKAboutViewController.m */; };
		F6E7A20E16E744C800ED1893 /* administrator.png in Resources */ = {isa = PBXBuildFile; fileRef = F6E7A20916E744C800ED1893 /* administrator.png */; };
		F6E7A20F16E744C800ED1893 /* book.png in Resources */ = {isa = PBXBuildFile; fileRef = F6E7A20A16E744C800ED1893 /* book.png */; };
		F6E7A21016E744C800ED1893 /* ipod.png in Resources */ = {isa = PBXBuildFile; fileRef = F6E7A20B16E744C800ED1893 /* ipod.png */; };
		F6E7A21116E744C800ED1893 /* list.png in Resources */ = {isa = PBXBuildFile; fileRef = F6E7A20C16E744C800ED1893 /* list.png */; };
		F6E7A21216E744C800ED1893 /* world.png in Resources */ = {isa = PBXBuildFile; fileRef = F6E7A20D16E744C800ED1893 /* world.png */; };
		F6E7A21916E7454B00ED1893 /* SKAboutViewController_iPhone.xib in Resources */ = {isa = PBXBuildFile; fileRef = F6E7A21316E7454B00ED1893 /* SKAboutViewController_iPhone.xib */; };
		F6E7A21A16E7454B00ED1893 /* SKListViewController_iPhone.xib in Resources */ = {isa = PBXBuildFile; fileRef = F6E7A21516E7454B00ED1893 /* SKListViewController_iPhone.xib */; };
		F6E7A21B16E7454B00ED1893 /* SKNativeViewController_iPhone.xib in Resources */ = {isa = PBXBuildFile; fileRef = F6E7A21716E7454B00ED1893 /* SKNativeViewController_iPhone.xib */; };
		F6E7A21E16E7464900ED1893 /* index.html in Resources */ = {isa = PBXBuildFile; fileRef = F6E7A21D16E7464900ED1893 /* index.html */; };
/* End PBXBuildFile section */

/* Begin PBXFileReference section */
		F645B36816E7387800798BE2 /* CacheControl.app */ = {isa = PBXFileReference; explicitFileType = wrapper.application; includeInIndex = 0; path = CacheControl.app; sourceTree = BUILT_PRODUCTS_DIR; };
		F645B36B16E7387800798BE2 /* UIKit.framework */ = {isa = PBXFileReference; lastKnownFileType = wrapper.framework; name = UIKit.framework; path = System/Library/Frameworks/UIKit.framework; sourceTree = SDKROOT; };
		F645B36D16E7387800798BE2 /* Foundation.framework */ = {isa = PBXFileReference; lastKnownFileType = wrapper.framework; name = Foundation.framework; path = System/Library/Frameworks/Foundation.framework; sourceTree = SDKROOT; };
		F645B36F16E7387800798BE2 /* CoreGraphics.framework */ = {isa = PBXFileReference; lastKnownFileType = wrapper.framework; name = CoreGraphics.framework; path = System/Library/Frameworks/CoreGraphics.framework; sourceTree = SDKROOT; };
		F645B37316E7387800798BE2 /* CacheControl-Info.plist */ = {isa = PBXFileReference; lastKnownFileType = text.plist.xml; path = "CacheControl-Info.plist"; sourceTree = "<group>"; };
		F645B37516E7387800798BE2 /* en */ = {isa = PBXFileReference; lastKnownFileType = text.plist.strings; name = en; path = en.lproj/InfoPlist.strings; sourceTree = "<group>"; };
		F645B37716E7387800798BE2 /* main.m */ = {isa = PBXFileReference; lastKnownFileType = sourcecode.c.objc; path = main.m; sourceTree = "<group>"; };
		F645B37916E7387800798BE2 /* CacheControl-Prefix.pch */ = {isa = PBXFileReference; lastKnownFileType = sourcecode.c.h; path = "CacheControl-Prefix.pch"; sourceTree = "<group>"; };
		F645B37A16E7387800798BE2 /* SKAppDelegate.h */ = {isa = PBXFileReference; lastKnownFileType = sourcecode.c.h; path = SKAppDelegate.h; sourceTree = "<group>"; };
		F645B37B16E7387800798BE2 /* SKAppDelegate.m */ = {isa = PBXFileReference; lastKnownFileType = sourcecode.c.objc; path = SKAppDelegate.m; sourceTree = "<group>"; };
		F645B37D16E7387800798BE2 /* Default.png */ = {isa = PBXFileReference; lastKnownFileType = image.png; path = Default.png; sourceTree = "<group>"; };
		F645B37F16E7387800798BE2 /* Default@2x.png */ = {isa = PBXFileReference; lastKnownFileType = image.png; path = "Default@2x.png"; sourceTree = "<group>"; };
		F645B38116E7387800798BE2 /* Default-568h@2x.png */ = {isa = PBXFileReference; lastKnownFileType = image.png; path = "Default-568h@2x.png"; sourceTree = "<group>"; };
		F645B38316E7387800798BE2 /* SKGuideViewController.h */ = {isa = PBXFileReference; lastKnownFileType = sourcecode.c.h; path = SKGuideViewController.h; sourceTree = "<group>"; };
		F645B38416E7387800798BE2 /* SKGuideViewController.m */ = {isa = PBXFileReference; lastKnownFileType = sourcecode.c.objc; path = SKGuideViewController.m; sourceTree = "<group>"; };
		F645B38616E7387800798BE2 /* first.png */ = {isa = PBXFileReference; lastKnownFileType = image.png; path = first.png; sourceTree = "<group>"; };
		F645B38816E7387800798BE2 /* first@2x.png */ = {isa = PBXFileReference; lastKnownFileType = image.png; path = "first@2x.png"; sourceTree = "<group>"; };
		F645B38A16E7387800798BE2 /* SKWebViewController.h */ = {isa = PBXFileReference; lastKnownFileType = sourcecode.c.h; path = SKWebViewController.h; sourceTree = "<group>"; };
		F645B38B16E7387800798BE2 /* SKWebViewController.m */ = {isa = PBXFileReference; lastKnownFileType = sourcecode.c.objc; path = SKWebViewController.m; sourceTree = "<group>"; };
		F645B38D16E7387800798BE2 /* second.png */ = {isa = PBXFileReference; lastKnownFileType = image.png; path = second.png; sourceTree = "<group>"; };
		F645B38F16E7387800798BE2 /* second@2x.png */ = {isa = PBXFileReference; lastKnownFileType = image.png; path = "second@2x.png"; sourceTree = "<group>"; };
		F645B39216E7387800798BE2 /* en */ = {isa = PBXFileReference; lastKnownFileType = file.xib; name = en; path = en.lproj/SKGuideViewController_iPhone.xib; sourceTree = "<group>"; };
		F645B39516E7387800798BE2 /* en */ = {isa = PBXFileReference; lastKnownFileType = file.xib; name = en; path = en.lproj/SKGuideViewController_iPad.xib; sourceTree = "<group>"; };
		F645B39816E7387800798BE2 /* en */ = {isa = PBXFileReference; lastKnownFileType = file.xib; name = en; path = en.lproj/SKWebViewController_iPhone.xib; sourceTree = "<group>"; };
		F645B39B16E7387800798BE2 /* en */ = {isa = PBXFileReference; lastKnownFileType = file.xib; name = en; path = en.lproj/SKWebViewController_iPad.xib; sourceTree = "<group>"; };
		F6E7A1FA16E7421300ED1893 /* SKNativeViewController.h */ = {isa = PBXFileReference; fileEncoding = 4; lastKnownFileType = sourcecode.c.h; path = SKNativeViewController.h; sourceTree = "<group>"; };
		F6E7A1FB16E7421300ED1893 /* SKNativeViewController.m */ = {isa = PBXFileReference; fileEncoding = 4; lastKnownFileType = sourcecode.c.objc; path = SKNativeViewController.m; sourceTree = "<group>"; };
		F6E7A1FF16E7426300ED1893 /* SKListViewController.h */ = {isa = PBXFileReference; fileEncoding = 4; lastKnownFileType = sourcecode.c.h; path = SKListViewController.h; sourceTree = "<group>"; };
		F6E7A20016E7426300ED1893 /* SKListViewController.m */ = {isa = PBXFileReference; fileEncoding = 4; lastKnownFileType = sourcecode.c.objc; path = SKListViewController.m; sourceTree = "<group>"; };
		F6E7A20416E7427F00ED1893 /* SKAboutViewController.h */ = {isa = PBXFileReference; fileEncoding = 4; lastKnownFileType = sourcecode.c.h; path = SKAboutViewController.h; sourceTree = "<group>"; };
		F6E7A20516E7427F00ED1893 /* SKAboutViewController.m */ = {isa = PBXFileReference; fileEncoding = 4; lastKnownFileType = sourcecode.c.objc; path = SKAboutViewController.m; sourceTree = "<group>"; };
		F6E7A20916E744C800ED1893 /* administrator.png */ = {isa = PBXFileReference; lastKnownFileType = image.png; path = administrator.png; sourceTree = "<group>"; };
		F6E7A20A16E744C800ED1893 /* book.png */ = {isa = PBXFileReference; lastKnownFileType = image.png; path = book.png; sourceTree = "<group>"; };
		F6E7A20B16E744C800ED1893 /* ipod.png */ = {isa = PBXFileReference; lastKnownFileType = image.png; path = ipod.png; sourceTree = "<group>"; };
		F6E7A20C16E744C800ED1893 /* list.png */ = {isa = PBXFileReference; lastKnownFileType = image.png; path = list.png; sourceTree = "<group>"; };
		F6E7A20D16E744C800ED1893 /* world.png */ = {isa = PBXFileReference; lastKnownFileType = image.png; path = world.png; sourceTree = "<group>"; };
		F6E7A21416E7454B00ED1893 /* en */ = {isa = PBXFileReference; lastKnownFileType = file.xib; name = en; path = en.lproj/SKAboutViewController_iPhone.xib; sourceTree = "<group>"; };
		F6E7A21616E7454B00ED1893 /* en */ = {isa = PBXFileReference; lastKnownFileType = file.xib; name = en; path = en.lproj/SKListViewController_iPhone.xib; sourceTree = "<group>"; };
		F6E7A21816E7454B00ED1893 /* en */ = {isa = PBXFileReference; lastKnownFileType = file.xib; name = en; path = en.lproj/SKNativeViewController_iPhone.xib; sourceTree = "<group>"; };
		F6E7A21D16E7464900ED1893 /* index.html */ = {isa = PBXFileReference; fileEncoding = 4; lastKnownFileType = text.html; path = index.html; sourceTree = "<group>"; };
/* End PBXFileReference section */

/* Begin PBXFrameworksBuildPhase section */
		F645B36516E7387800798BE2 /* Frameworks */ = {
			isa = PBXFrameworksBuildPhase;
			buildActionMask = 2147483647;
			files = (
				F645B36C16E7387800798BE2 /* UIKit.framework in Frameworks */,
				F645B36E16E7387800798BE2 /* Foundation.framework in Frameworks */,
				F645B37016E7387800798BE2 /* CoreGraphics.framework in Frameworks */,
			);
			runOnlyForDeploymentPostprocessing = 0;
		};
/* End PBXFrameworksBuildPhase section */

/* Begin PBXGroup section */
		F645B35F16E7387800798BE2 = {
			isa = PBXGroup;
			children = (
				F645B37116E7387800798BE2 /* CacheControl */,
				F645B36A16E7387800798BE2 /* Frameworks */,
				F645B36916E7387800798BE2 /* Products */,
			);
			sourceTree = "<group>";
		};
		F645B36916E7387800798BE2 /* Products */ = {
			isa = PBXGroup;
			children = (
				F645B36816E7387800798BE2 /* CacheControl.app */,
			);
			name = Products;
			sourceTree = "<group>";
		};
		F645B36A16E7387800798BE2 /* Frameworks */ = {
			isa = PBXGroup;
			children = (
				F645B36B16E7387800798BE2 /* UIKit.framework */,
				F645B36D16E7387800798BE2 /* Foundation.framework */,
				F645B36F16E7387800798BE2 /* CoreGraphics.framework */,
			);
			name = Frameworks;
			sourceTree = "<group>";
		};
		F645B37116E7387800798BE2 /* CacheControl */ = {
			isa = PBXGroup;
			children = (
				F6E7A1F916E741B400ED1893 /* Controllers */,
				F645B3A216E7405A00798BE2 /* Resources */,
				F645B37A16E7387800798BE2 /* SKAppDelegate.h */,
				F645B37B16E7387800798BE2 /* SKAppDelegate.m */,
				F645B38616E7387800798BE2 /* first.png */,
				F645B38816E7387800798BE2 /* first@2x.png */,
				F645B38D16E7387800798BE2 /* second.png */,
				F645B38F16E7387800798BE2 /* second@2x.png */,
				F645B37216E7387800798BE2 /* Supporting Files */,
			);
			path = CacheControl;
			sourceTree = "<group>";
		};
		F645B37216E7387800798BE2 /* Supporting Files */ = {
			isa = PBXGroup;
			children = (
				F645B37316E7387800798BE2 /* CacheControl-Info.plist */,
				F645B37416E7387800798BE2 /* InfoPlist.strings */,
				F645B37716E7387800798BE2 /* main.m */,
				F645B37916E7387800798BE2 /* CacheControl-Prefix.pch */,
				F645B37D16E7387800798BE2 /* Default.png */,
				F645B37F16E7387800798BE2 /* Default@2x.png */,
				F645B38116E7387800798BE2 /* Default-568h@2x.png */,
			);
			name = "Supporting Files";
			sourceTree = "<group>";
		};
		F645B3A216E7405A00798BE2 /* Resources */ = {
			isa = PBXGroup;
			children = (
				F6E7A21C16E7462500ED1893 /* htmls */,
				F645B3B016E7412B00798BE2 /* nibs */,
				F645B3A316E7406200798BE2 /* images */,
			);
			name = Resources;
			sourceTree = "<group>";
		};
		F645B3A316E7406200798BE2 /* images */ = {
			isa = PBXGroup;
			children = (
				F6E7A20916E744C800ED1893 /* administrator.png */,
				F6E7A20A16E744C800ED1893 /* book.png */,
				F6E7A20B16E744C800ED1893 /* ipod.png */,
				F6E7A20C16E744C800ED1893 /* list.png */,
				F6E7A20D16E744C800ED1893 /* world.png */,
			);
			name = images;
			sourceTree = "<group>";
		};
		F645B3B016E7412B00798BE2 /* nibs */ = {
			isa = PBXGroup;
			children = (
				F6E7A21316E7454B00ED1893 /* SKAboutViewController_iPhone.xib */,
				F6E7A21516E7454B00ED1893 /* SKListViewController_iPhone.xib */,
				F6E7A21716E7454B00ED1893 /* SKNativeViewController_iPhone.xib */,
				F645B39116E7387800798BE2 /* SKGuideViewController_iPhone.xib */,
				F645B39416E7387800798BE2 /* SKGuideViewController_iPad.xib */,
				F645B39716E7387800798BE2 /* SKWebViewController_iPhone.xib */,
				F645B39A16E7387800798BE2 /* SKWebViewController_iPad.xib */,
			);
			name = nibs;
			sourceTree = "<group>";
		};
		F6E7A1F916E741B400ED1893 /* Controllers */ = {
			isa = PBXGroup;
			children = (
				F645B38316E7387800798BE2 /* SKGuideViewController.h */,
				F645B38416E7387800798BE2 /* SKGuideViewController.m */,
				F645B38A16E7387800798BE2 /* SKWebViewController.h */,
				F645B38B16E7387800798BE2 /* SKWebViewController.m */,
				F6E7A1FA16E7421300ED1893 /* SKNativeViewController.h */,
				F6E7A1FB16E7421300ED1893 /* SKNativeViewController.m */,
				F6E7A1FF16E7426300ED1893 /* SKListViewController.h */,
				F6E7A20016E7426300ED1893 /* SKListViewController.m */,
				F6E7A20416E7427F00ED1893 /* SKAboutViewController.h */,
				F6E7A20516E7427F00ED1893 /* SKAboutViewController.m */,
			);
			name = Controllers;
			sourceTree = "<group>";
		};
		F6E7A21C16E7462500ED1893 /* htmls */ = {
			isa = PBXGroup;
			children = (
				F6E7A21D16E7464900ED1893 /* index.html */,
			);
			name = htmls;
			sourceTree = "<group>";
		};
/* End PBXGroup section */

/* Begin PBXNativeTarget section */
		F645B36716E7387800798BE2 /* CacheControl */ = {
			isa = PBXNativeTarget;
			buildConfigurationList = F645B39F16E7387800798BE2 /* Build configuration list for PBXNativeTarget "CacheControl" */;
			buildPhases = (
				F645B36416E7387800798BE2 /* Sources */,
				F645B36516E7387800798BE2 /* Frameworks */,
				F645B36616E7387800798BE2 /* Resources */,
			);
			buildRules = (
			);
			dependencies = (
			);
			name = CacheControl;
			productName = CacheControl;
			productReference = F645B36816E7387800798BE2 /* CacheControl.app */;
			productType = "com.apple.product-type.application";
		};
/* End PBXNativeTarget section */

/* Begin PBXProject section */
		F645B36016E7387800798BE2 /* Project object */ = {
			isa = PBXProject;
			attributes = {
				CLASSPREFIX = SK;
				LastUpgradeCheck = 0460;
				ORGANIZATIONNAME = UX;
			};
			buildConfigurationList = F645B36316E7387800798BE2 /* Build configuration list for PBXProject "CacheControl" */;
			compatibilityVersion = "Xcode 3.2";
			developmentRegion = English;
			hasScannedForEncodings = 0;
			knownRegions = (
				en,
			);
			mainGroup = F645B35F16E7387800798BE2;
			productRefGroup = F645B36916E7387800798BE2 /* Products */;
			projectDirPath = "";
			projectRoot = "";
			targets = (
				F645B36716E7387800798BE2 /* CacheControl */,
			);
		};
/* End PBXProject section */

/* Begin PBXResourcesBuildPhase section */
		F645B36616E7387800798BE2 /* Resources */ = {
			isa = PBXResourcesBuildPhase;
			buildActionMask = 2147483647;
			files = (
				F645B37616E7387800798BE2 /* InfoPlist.strings in Resources */,
				F645B37E16E7387800798BE2 /* Default.png in Resources */,
				F645B38016E7387800798BE2 /* Default@2x.png in Resources */,
				F645B38216E7387800798BE2 /* Default-568h@2x.png in Resources */,
				F645B38716E7387800798BE2 /* first.png in Resources */,
				F645B38916E7387800798BE2 /* first@2x.png in Resources */,
				F645B38E16E7387800798BE2 /* second.png in Resources */,
				F645B39016E7387800798BE2 /* second@2x.png in Resources */,
				F645B39316E7387800798BE2 /* SKGuideViewController_iPhone.xib in Resources */,
				F645B39616E7387800798BE2 /* SKGuideViewController_iPad.xib in Resources */,
				F645B39916E7387800798BE2 /* SKWebViewController_iPhone.xib in Resources */,
				F645B39C16E7387800798BE2 /* SKWebViewController_iPad.xib in Resources */,
				F6E7A20E16E744C800ED1893 /* administrator.png in Resources */,
				F6E7A20F16E744C800ED1893 /* book.png in Resources */,
				F6E7A21016E744C800ED1893 /* ipod.png in Resources */,
				F6E7A21116E744C800ED1893 /* list.png in Resources */,
				F6E7A21216E744C800ED1893 /* world.png in Resources */,
				F6E7A21916E7454B00ED1893 /* SKAboutViewController_iPhone.xib in Resources */,
				F6E7A21A16E7454B00ED1893 /* SKListViewController_iPhone.xib in Resources */,
				F6E7A21B16E7454B00ED1893 /* SKNativeViewController_iPhone.xib in Resources */,
				F6E7A21E16E7464900ED1893 /* index.html in Resources */,
			);
			runOnlyForDeploymentPostprocessing = 0;
		};
/* End PBXResourcesBuildPhase section */

/* Begin PBXSourcesBuildPhase section */
		F645B36416E7387800798BE2 /* Sources */ = {
			isa = PBXSourcesBuildPhase;
			buildActionMask = 2147483647;
			files = (
				F645B37816E7387800798BE2 /* main.m in Sources */,
				F645B37C16E7387800798BE2 /* SKAppDelegate.m in Sources */,
				F645B38516E7387800798BE2 /* SKGuideViewController.m in Sources */,
				F645B38C16E7387800798BE2 /* SKWebViewController.m in Sources */,
				F6E7A1FD16E7421300ED1893 /* SKNativeViewController.m in Sources */,
				F6E7A20216E7426300ED1893 /* SKListViewController.m in Sources */,
				F6E7A20716E7427F00ED1893 /* SKAboutViewController.m in Sources */,
			);
			runOnlyForDeploymentPostprocessing = 0;
		};
/* End PBXSourcesBuildPhase section */

/* Begin PBXVariantGroup section */
		F645B37416E7387800798BE2 /* InfoPlist.strings */ = {
			isa = PBXVariantGroup;
			children = (
				F645B37516E7387800798BE2 /* en */,
			);
			name = InfoPlist.strings;
			sourceTree = "<group>";
		};
		F645B39116E7387800798BE2 /* SKGuideViewController_iPhone.xib */ = {
			isa = PBXVariantGroup;
			children = (
				F645B39216E7387800798BE2 /* en */,
			);
			name = SKGuideViewController_iPhone.xib;
			sourceTree = "<group>";
		};
		F645B39416E7387800798BE2 /* SKGuideViewController_iPad.xib */ = {
			isa = PBXVariantGroup;
			children = (
				F645B39516E7387800798BE2 /* en */,
			);
			name = SKGuideViewController_iPad.xib;
			sourceTree = "<group>";
		};
		F645B39716E7387800798BE2 /* SKWebViewController_iPhone.xib */ = {
			isa = PBXVariantGroup;
			children = (
				F645B39816E7387800798BE2 /* en */,
			);
			name = SKWebViewController_iPhone.xib;
			sourceTree = "<group>";
		};
		F645B39A16E7387800798BE2 /* SKWebViewController_iPad.xib */ = {
			isa = PBXVariantGroup;
			children = (
				F645B39B16E7387800798BE2 /* en */,
			);
			name = SKWebViewController_iPad.xib;
			sourceTree = "<group>";
		};
		F6E7A21316E7454B00ED1893 /* SKAboutViewController_iPhone.xib */ = {
			isa = PBXVariantGroup;
			children = (
				F6E7A21416E7454B00ED1893 /* en */,
			);
			name = SKAboutViewController_iPhone.xib;
			sourceTree = "<group>";
		};
		F6E7A21516E7454B00ED1893 /* SKListViewController_iPhone.xib */ = {
			isa = PBXVariantGroup;
			children = (
				F6E7A21616E7454B00ED1893 /* en */,
			);
			name = SKListViewController_iPhone.xib;
			sourceTree = "<group>";
		};
		F6E7A21716E7454B00ED1893 /* SKNativeViewController_iPhone.xib */ = {
			isa = PBXVariantGroup;
			children = (
				F6E7A21816E7454B00ED1893 /* en */,
			);
			name = SKNativeViewController_iPhone.xib;
			sourceTree = "<group>";
		};
/* End PBXVariantGroup section */

/* Begin XCBuildConfiguration section */
		F645B39D16E7387800798BE2 /* Debug */ = {
			isa = XCBuildConfiguration;
			buildSettings = {
				ALWAYS_SEARCH_USER_PATHS = NO;
				CLANG_CXX_LANGUAGE_STANDARD = "gnu++0x";
				CLANG_CXX_LIBRARY = "libc++";
				CLANG_ENABLE_OBJC_ARC = YES;
				CLANG_WARN_CONSTANT_CONVERSION = YES;
				CLANG_WARN_EMPTY_BODY = YES;
				CLANG_WARN_ENUM_CONVERSION = YES;
				CLANG_WARN_INT_CONVERSION = YES;
				CLANG_WARN__DUPLICATE_METHOD_MATCH = YES;
				"CODE_SIGN_IDENTITY[sdk=iphoneos*]" = "iPhone Developer";
				COPY_PHASE_STRIP = NO;
				GCC_C_LANGUAGE_STANDARD = gnu99;
				GCC_DYNAMIC_NO_PIC = NO;
				GCC_OPTIMIZATION_LEVEL = 0;
				GCC_PREPROCESSOR_DEFINITIONS = (
					"DEBUG=1",
					"$(inherited)",
				);
				GCC_SYMBOLS_PRIVATE_EXTERN = NO;
				GCC_WARN_ABOUT_RETURN_TYPE = YES;
				GCC_WARN_UNINITIALIZED_AUTOS = YES;
				GCC_WARN_UNUSED_VARIABLE = YES;
				IPHONEOS_DEPLOYMENT_TARGET = 6.1;
				ONLY_ACTIVE_ARCH = YES;
				SDKROOT = iphoneos;
				TARGETED_DEVICE_FAMILY = "1,2";
			};
			name = Debug;
		};
		F645B39E16E7387800798BE2 /* Release */ = {
			isa = XCBuildConfiguration;
			buildSettings = {
				ALWAYS_SEARCH_USER_PATHS = NO;
				CLANG_CXX_LANGUAGE_STANDARD = "gnu++0x";
				CLANG_CXX_LIBRARY = "libc++";
				CLANG_ENABLE_OBJC_ARC = YES;
				CLANG_WARN_CONSTANT_CONVERSION = YES;
				CLANG_WARN_EMPTY_BODY = YES;
				CLANG_WARN_ENUM_CONVERSION = YES;
				CLANG_WARN_INT_CONVERSION = YES;
				CLANG_WARN__DUPLICATE_METHOD_MATCH = YES;
				"CODE_SIGN_IDENTITY[sdk=iphoneos*]" = "iPhone Developer";
				COPY_PHASE_STRIP = YES;
				GCC_C_LANGUAGE_STANDARD = gnu99;
				GCC_WARN_ABOUT_RETURN_TYPE = YES;
				GCC_WARN_UNINITIALIZED_AUTOS = YES;
				GCC_WARN_UNUSED_VARIABLE = YES;
				IPHONEOS_DEPLOYMENT_TARGET = 6.1;
				OTHER_CFLAGS = "-DNS_BLOCK_ASSERTIONS=1";
				SDKROOT = iphoneos;
				TARGETED_DEVICE_FAMILY = "1,2";
				VALIDATE_PRODUCT = YES;
			};
			name = Release;
		};
		F645B3A016E7387800798BE2 /* Debug */ = {
			isa = XCBuildConfiguration;
			buildSettings = {
				GCC_PRECOMPILE_PREFIX_HEADER = YES;
				GCC_PREFIX_HEADER = "CacheControl/CacheControl-Prefix.pch";
				INFOPLIST_FILE = "CacheControl/CacheControl-Info.plist";
				IPHONEOS_DEPLOYMENT_TARGET = 5.0;
				PRODUCT_NAME = "$(TARGET_NAME)";
				WRAPPER_EXTENSION = app;
			};
			name = Debug;
		};
		F645B3A116E7387800798BE2 /* Release */ = {
			isa = XCBuildConfiguration;
			buildSettings = {
				GCC_PRECOMPILE_PREFIX_HEADER = YES;
				GCC_PREFIX_HEADER = "CacheControl/CacheControl-Prefix.pch";
				INFOPLIST_FILE = "CacheControl/CacheControl-Info.plist";
				IPHONEOS_DEPLOYMENT_TARGET = 5.0;
				PRODUCT_NAME = "$(TARGET_NAME)";
				WRAPPER_EXTENSION = app;
			};
			name = Release;
		};
/* End XCBuildConfiguration section */

/* Begin XCConfigurationList section */
		F645B36316E7387800798BE2 /* Build configuration list for PBXProject "CacheControl" */ = {
			isa = XCConfigurationList;
			buildConfigurations = (
				F645B39D16E7387800798BE2 /* Debug */,
				F645B39E16E7387800798BE2 /* Release */,
			);
			defaultConfigurationIsVisible = 0;
			defaultConfigurationName = Release;
		};
		F645B39F16E7387800798BE2 /* Build configuration list for PBXNativeTarget "CacheControl" */ = {
			isa = XCConfigurationList;
			buildConfigurations = (
				F645B3A016E7387800798BE2 /* Debug */,
				F645B3A116E7387800798BE2 /* Release */,
			);
			defaultConfigurationIsVisible = 0;
			defaultConfigurationName = Release;
		};
/* End XCConfigurationList section */
	};
	rootObject = F645B36016E7387800798BE2 /* Project object */;
}
